
Microsoft Visual Studio Solution File, Format Version 12.00
# Visual Studio 15
VisualStudioVersion = 15.0.28307.1145
MinimumVisualStudioVersion = 10.0.40219.1
Project("{888888A0-9F3D-457C-B088-3A5042F75D52}") = "PyWebRequest", "PyWebRequest.pyproj", "{D5450BA3-B451-4361-B2BF-E6567B223EC9}"
EndProject
Global
	GlobalSection(SolutionConfigurationPlatforms) = preSolution
		Debug|Any CPU = Debug|Any CPU
		Release|Any CPU = Release|Any CPU
	EndGlobalSection
	GlobalSection(ProjectConfigurationPlatforms) = postSolution
		{D5450BA3-B451-4361-B2BF-E6567B223EC9}.Debug|Any CPU.ActiveCfg = Debug|Any CPU
		{D5450BA3-B451-4361-B2BF-E6567B223EC9}.Release|Any CPU.ActiveCfg = Release|Any CPU
	EndGlobalSection
	GlobalSection(SolutionProperties) = preSolution
		HideSolutionNode = FALSE
	EndGlobalSection
	GlobalSection(ExtensibilityGlobals) = postSolution
		SolutionGuid = {B7CAA1CC-8E3A-4B06-B2E4-72ED24D263CE}
	EndGlobalSection
EndGlobal
